
Microsoft Visual Studio Solution File, Format Version 12.00
# Visual Studio 15
VisualStudioVersion = 15.0.28010.2036
MinimumVisualStudioVersion = 10.0.40219.1
Project("{8BC9CEB8-8B4A-11D0-8D11-00A0C91BC942}") = "ControlOfDX", "ControlOfDX\ControlOfDX.vcxproj", "{4154D46F-867B-411E-B983-BC3A3F3C4EB3}"
EndProject
Project("{FAE04EC0-301F-11D3-BF4B-00C04F79EFBC}") = "DrawRectangleExample", "DrawRectangleExample\DrawRectangleExample.csproj", "{E006E981-0A3A-4982-B4EF-0C817A1AEC3A}"
EndProject
Project("{FAE04EC0-301F-11D3-BF4B-00C04F79EFBC}") = "BrushTypesExample", "BrushTypesExample\BrushTypesExample.csproj", "{77F7EFE4-5EA1-4778-BD53-258DDA069156}"
EndProject
Project("{FAE04EC0-301F-11D3-BF4B-00C04F79EFBC}") = "ClipWithBitmapMasks", "ClipWithBitmapMasks\ClipWithBitmapMasks.csproj", "{9ECA80F4-C9B8-4AB0-8E9C-B1A0EEBD92E8}"
EndProject
Project("{FAE04EC0-301F-11D3-BF4B-00C04F79EFBC}") = "TransformGeometryExample", "TransformGeometryExample\TransformGeometryExample.csproj", "{0AA8B82B-6F7A-4165-BED6-94862634634A}"
EndProject
Project("{FAE04EC0-301F-11D3-BF4B-00C04F79EFBC}") = "TransformBrushesExample", "TransformBrushesExample\TransformBrushesExample.csproj", "{7A57B30B-3E77-4AFE-AFB0-DB2A0F585848}"
EndProject
Project("{FAE04EC0-301F-11D3-BF4B-00C04F79EFBC}") = "StrokeStyleExample", "StrokeStyleExample\StrokeStyleExample.csproj", "{8BDE61CD-A19C-4C8E-80F2-430A19F6AEBB}"
EndProject
Project("{FAE04EC0-301F-11D3-BF4B-00C04F79EFBC}") = "OpacityMasksExample", "OpacityMasksExample\OpacityMasksExample.csproj", "{0C92F8C7-D116-45ED-8166-CBAC8D4BDAD6}"
EndProject
Project("{FAE04EC0-301F-11D3-BF4B-00C04F79EFBC}") = "GeometriesExample", "GeometriesExample\GeometriesExample.csproj", "{B9FC7D0A-156B-406C-BD36-AFDBC103ADC8}"
EndProject
Project("{FAE04EC0-301F-11D3-BF4B-00C04F79EFBC}") = "ClipWithAxisAlignedClipSample", "ClipWithAxisAlignedClipSample\ClipWithAxisAlignedClipSample.csproj", "{2F9892DC-5A23-456B-B8CE-AB7810C81F5C}"
EndProject
Project("{FAE04EC0-301F-11D3-BF4B-00C04F79EFBC}") = "ClipWithLayersExample", "ClipWithLayersExample\ClipWithLayersExample.csproj", "{3FAADD4A-C975-4556-AE7D-856754842EEA}"
EndProject
Project("{FAE04EC0-301F-11D3-BF4B-00C04F79EFBC}") = "DrawExtendMode", "DrawExtendMode\DrawExtendMode.csproj", "{9728B60E-9691-4D6A-A3E2-C3EF27D26989}"
EndProject
Project("{FAE04EC0-301F-11D3-BF4B-00C04F79EFBC}") = "SingleTransformsExample", "SingleTransformsExample\SingleTransformsExample.csproj", "{9B589C07-C8B3-47AB-A382-563E709CCEEC}"
EndProject
Project("{FAE04EC0-301F-11D3-BF4B-00C04F79EFBC}") = "MultipleTransformsExample", "MultipleTransformsExample\MultipleTransformsExample.csproj", "{BDB723E8-B5DF-470F-AA8C-3CBA227E3EF8}"
EndProject
Global
	GlobalSection(SolutionConfigurationPlatforms) = preSolution
		Debug|Any CPU = Debug|Any CPU
		Debug|x64 = Debug|x64
		Debug|x86 = Debug|x86
		Release|Any CPU = Release|Any CPU
		Release|x64 = Release|x64
		Release|x86 = Release|x86
	EndGlobalSection
	GlobalSection(ProjectConfigurationPlatforms) = postSolution
		{4154D46F-867B-411E-B983-BC3A3F3C4EB3}.Debug|Any CPU.ActiveCfg = Debug|Win32
		{4154D46F-867B-411E-B983-BC3A3F3C4EB3}.Debug|x64.ActiveCfg = Debug|x64
		{4154D46F-867B-411E-B983-BC3A3F3C4EB3}.Debug|x64.Build.0 = Debug|x64
		{4154D46F-867B-411E-B983-BC3A3F3C4EB3}.Debug|x86.ActiveCfg = Debug|Win32
		{4154D46F-867B-411E-B983-BC3A3F3C4EB3}.Debug|x86.Build.0 = Debug|Win32
		{4154D46F-867B-411E-B983-BC3A3F3C4EB3}.Release|Any CPU.ActiveCfg = Release|Win32
		{4154D46F-867B-411E-B983-BC3A3F3C4EB3}.Release|x64.ActiveCfg = Release|x64
		{4154D46F-867B-411E-B983-BC3A3F3C4EB3}.Release|x64.Build.0 = Release|x64
		{4154D46F-867B-411E-B983-BC3A3F3C4EB3}.Release|x86.ActiveCfg = Release|Win32
		{4154D46F-867B-411E-B983-BC3A3F3C4EB3}.Release|x86.Build.0 = Release|Win32
		{E006E981-0A3A-4982-B4EF-0C817A1AEC3A}.Debug|Any CPU.ActiveCfg = Debug|Any CPU
		{E006E981-0A3A-4982-B4EF-0C817A1AEC3A}.Debug|Any CPU.Build.0 = Debug|Any CPU
		{E006E981-0A3A-4982-B4EF-0C817A1AEC3A}.Debug|x64.ActiveCfg = Debug|Any CPU
		{E006E981-0A3A-4982-B4EF-0C817A1AEC3A}.Debug|x64.Build.0 = Debug|Any CPU
		{E006E981-0A3A-4982-B4EF-0C817A1AEC3A}.Debug|x86.ActiveCfg = Debug|Any CPU
		{E006E981-0A3A-4982-B4EF-0C817A1AEC3A}.Debug|x86.Build.0 = Debug|Any CPU
		{E006E981-0A3A-4982-B4EF-0C817A1AEC3A}.Release|Any CPU.ActiveCfg = Release|Any CPU
		{E006E981-0A3A-4982-B4EF-0C817A1AEC3A}.Release|Any CPU.Build.0 = Release|Any CPU
		{E006E981-0A3A-4982-B4EF-0C817A1AEC3A}.Release|x64.ActiveCfg = Release|Any CPU
		{E006E981-0A3A-4982-B4EF-0C817A1AEC3A}.Release|x64.Build.0 = Release|Any CPU
		{E006E981-0A3A-4982-B4EF-0C817A1AEC3A}.Release|x86.ActiveCfg = Release|Any CPU
		{E006E981-0A3A-4982-B4EF-0C817A1AEC3A}.Release|x86.Build.0 = Release|Any CPU
		{77F7EFE4-5EA1-4778-BD53-258DDA069156}.Debug|Any CPU.ActiveCfg = Debug|Any CPU
		{77F7EFE4-5EA1-4778-BD53-258DDA069156}.Debug|Any CPU.Build.0 = Debug|Any CPU
		{77F7EFE4-5EA1-4778-BD53-258DDA069156}.Debug|x64.ActiveCfg = Debug|Any CPU
		{77F7EFE4-5EA1-4778-BD53-258DDA069156}.Debug|x64.Build.0 = Debug|Any CPU
		{77F7EFE4-5EA1-4778-BD53-258DDA069156}.Debug|x86.ActiveCfg = Debug|Any CPU
		{77F7EFE4-5EA1-4778-BD53-258DDA069156}.Debug|x86.Build.0 = Debug|Any CPU
		{77F7EFE4-5EA1-4778-BD53-258DDA069156}.Release|Any CPU.ActiveCfg = Release|Any CPU
		{77F7EFE4-5EA1-4778-BD53-258DDA069156}.Release|Any CPU.Build.0 = Release|Any CPU
		{77F7EFE4-5EA1-4778-BD53-258DDA069156}.Release|x64.ActiveCfg = Release|Any CPU
		{77F7EFE4-5EA1-4778-BD53-258DDA069156}.Release|x64.Build.0 = Release|Any CPU
		{77F7EFE4-5EA1-4778-BD53-258DDA069156}.Release|x86.ActiveCfg = Release|Any CPU
		{77F7EFE4-5EA1-4778-BD53-258DDA069156}.Release|x86.Build.0 = Release|Any CPU
		{9ECA80F4-C9B8-4AB0-8E9C-B1A0EEBD92E8}.Debug|Any CPU.ActiveCfg = Debug|Any CPU
		{9ECA80F4-C9B8-4AB0-8E9C-B1A0EEBD92E8}.Debug|Any CPU.Build.0 = Debug|Any CPU
		{9ECA80F4-C9B8-4AB0-8E9C-B1A0EEBD92E8}.Debug|x64.ActiveCfg = Debug|Any CPU
		{9ECA80F4-C9B8-4AB0-8E9C-B1A0EEBD92E8}.Debug|x64.Build.0 = Debug|Any CPU
		{9ECA80F4-C9B8-4AB0-8E9C-B1A0EEBD92E8}.Debug|x86.ActiveCfg = Debug|Any CPU
		{9ECA80F4-C9B8-4AB0-8E9C-B1A0EEBD92E8}.Debug|x86.Build.0 = Debug|Any CPU
		{9ECA80F4-C9B8-4AB0-8E9C-B1A0EEBD92E8}.Release|Any CPU.ActiveCfg = Release|Any CPU
		{9ECA80F4-C9B8-4AB0-8E9C-B1A0EEBD92E8}.Release|Any CPU.Build.0 = Release|Any CPU
		{9ECA80F4-C9B8-4AB0-8E9C-B1A0EEBD92E8}.Release|x64.ActiveCfg = Release|Any CPU
		{9ECA80F4-C9B8-4AB0-8E9C-B1A0EEBD92E8}.Release|x64.Build.0 = Release|Any CPU
		{9ECA80F4-C9B8-4AB0-8E9C-B1A0EEBD92E8}.Release|x86.ActiveCfg = Release|Any CPU
		{9ECA80F4-C9B8-4AB0-8E9C-B1A0EEBD92E8}.Release|x86.Build.0 = Release|Any CPU
		{0AA8B82B-6F7A-4165-BED6-94862634634A}.Debug|Any CPU.ActiveCfg = Debug|Any CPU
		{0AA8B82B-6F7A-4165-BED6-94862634634A}.Debug|Any CPU.Build.0 = Debug|Any CPU
		{0AA8B82B-6F7A-4165-BED6-94862634634A}.Debug|x64.ActiveCfg = Debug|Any CPU
		{0AA8B82B-6F7A-4165-BED6-94862634634A}.Debug|x64.Build.0 = Debug|Any CPU
		{0AA8B82B-6F7A-4165-BED6-94862634634A}.Debug|x86.ActiveCfg = Debug|Any CPU
		{0AA8B82B-6F7A-4165-BED6-94862634634A}.Debug|x86.Build.0 = Debug|Any CPU
		{0AA8B82B-6F7A-4165-BED6-94862634634A}.Release|Any CPU.ActiveCfg = Release|Any CPU
		{0AA8B82B-6F7A-4165-BED6-94862634634A}.Release|Any CPU.Build.0 = Release|Any CPU
		{0AA8B82B-6F7A-4165-BED6-94862634634A}.Release|x64.ActiveCfg = Release|Any CPU
		{0AA8B82B-6F7A-4165-BED6-94862634634A}.Release|x64.Build.0 = Release|Any CPU
		{0AA8B82B-6F7A-4165-BED6-94862634634A}.Release|x86.ActiveCfg = Release|Any CPU
		{0AA8B82B-6F7A-4165-BED6-94862634634A}.Release|x86.Build.0 = Release|Any CPU
		{7A57B30B-3E77-4AFE-AFB0-DB2A0F585848}.Debug|Any CPU.ActiveCfg = Debug|Any CPU
		{7A57B30B-3E77-4AFE-AFB0-DB2A0F585848}.Debug|Any CPU.Build.0 = Debug|Any CPU
		{7A57B30B-3E77-4AFE-AFB0-DB2A0F585848}.Debug|x64.ActiveCfg = Debug|Any CPU
		{7A57B30B-3E77-4AFE-AFB0-DB2A0F585848}.Debug|x64.Build.0 = Debug|Any CPU
		{7A57B30B-3E77-4AFE-AFB0-DB2A0F585848}.Debug|x86.ActiveCfg = Debug|Any CPU
		{7A57B30B-3E77-4AFE-AFB0-DB2A0F585848}.Debug|x86.Build.0 = Debug|Any CPU
		{7A57B30B-3E77-4AFE-AFB0-DB2A0F585848}.Release|Any CPU.ActiveCfg = Release|Any CPU
		{7A57B30B-3E77-4AFE-AFB0-DB2A0F585848}.Release|Any CPU.Build.0 = Release|Any CPU
		{7A57B30B-3E77-4AFE-AFB0-DB2A0F585848}.Release|x64.ActiveCfg = Release|Any CPU
		{7A57B30B-3E77-4AFE-AFB0-DB2A0F585848}.Release|x64.Build.0 = Release|Any CPU
		{7A57B30B-3E77-4AFE-AFB0-DB2A0F585848}.Release|x86.ActiveCfg = Release|Any CPU
		{7A57B30B-3E77-4AFE-AFB0-DB2A0F585848}.Release|x86.Build.0 = Release|Any CPU
		{8BDE61CD-A19C-4C8E-80F2-430A19F6AEBB}.Debug|Any CPU.ActiveCfg = Debug|Any CPU
		{8BDE61CD-A19C-4C8E-80F2-430A19F6AEBB}.Debug|Any CPU.Build.0 = Debug|Any CPU
		{8BDE61CD-A19C-4C8E-80F2-430A19F6AEBB}.Debug|x64.ActiveCfg = Debug|Any CPU
		{8BDE61CD-A19C-4C8E-80F2-430A19F6AEBB}.Debug|x64.Build.0 = Debug|Any CPU
		{8BDE61CD-A19C-4C8E-80F2-430A19F6AEBB}.Debug|x86.ActiveCfg = Debug|Any CPU
		{8BDE61CD-A19C-4C8E-80F2-430A19F6AEBB}.Debug|x86.Build.0 = Debug|Any CPU
		{8BDE61CD-A19C-4C8E-80F2-430A19F6AEBB}.Release|Any CPU.ActiveCfg = Release|Any CPU
		{8BDE61CD-A19C-4C8E-80F2-430A19F6AEBB}.Release|Any CPU.Build.0 = Release|Any CPU
		{8BDE61CD-A19C-4C8E-80F2-430A19F6AEBB}.Release|x64.ActiveCfg = Release|Any CPU
		{8BDE61CD-A19C-4C8E-80F2-430A19F6AEBB}.Release|x64.Build.0 = Release|Any CPU
		{8BDE61CD-A19C-4C8E-80F2-430A19F6AEBB}.Release|x86.ActiveCfg = Release|Any CPU
		{8BDE61CD-A19C-4C8E-80F2-430A19F6AEBB}.Release|x86.Build.0 = Release|Any CPU
		{0C92F8C7-D116-45ED-8166-CBAC8D4BDAD6}.Debug|Any CPU.ActiveCfg = Debug|Any CPU
		{0C92F8C7-D116-45ED-8166-CBAC8D4BDAD6}.Debug|Any CPU.Build.0 = Debug|Any CPU
		{0C92F8C7-D116-45ED-8166-CBAC8D4BDAD6}.Debug|x64.ActiveCfg = Debug|Any CPU
		{0C92F8C7-D116-45ED-8166-CBAC8D4BDAD6}.Debug|x64.Build.0 = Debug|Any CPU
		{0C92F8C7-D116-45ED-8166-CBAC8D4BDAD6}.Debug|x86.ActiveCfg = Debug|Any CPU
		{0C92F8C7-D116-45ED-8166-CBAC8D4BDAD6}.Debug|x86.Build.0 = Debug|Any CPU
		{0C92F8C7-D116-45ED-8166-CBAC8D4BDAD6}.Release|Any CPU.ActiveCfg = Release|Any CPU
		{0C92F8C7-D116-45ED-8166-CBAC8D4BDAD6}.Release|Any CPU.Build.0 = Release|Any CPU
		{0C92F8C7-D116-45ED-8166-CBAC8D4BDAD6}.Release|x64.ActiveCfg = Release|Any CPU
		{0C92F8C7-D116-45ED-8166-CBAC8D4BDAD6}.Release|x64.Build.0 = Release|Any CPU
		{0C92F8C7-D116-45ED-8166-CBAC8D4BDAD6}.Release|x86.ActiveCfg = Release|Any CPU
		{0C92F8C7-D116-45ED-8166-CBAC8D4BDAD6}.Release|x86.Build.0 = Release|Any CPU
		{B9FC7D0A-156B-406C-BD36-AFDBC103ADC8}.Debug|Any CPU.ActiveCfg = Debug|Any CPU
		{B9FC7D0A-156B-406C-BD36-AFDBC103ADC8}.Debug|Any CPU.Build.0 = Debug|Any CPU
		{B9FC7D0A-156B-406C-BD36-AFDBC103ADC8}.Debug|x64.ActiveCfg = Debug|Any CPU
		{B9FC7D0A-156B-406C-BD36-AFDBC103ADC8}.Debug|x64.Build.0 = Debug|Any CPU
		{B9FC7D0A-156B-406C-BD36-AFDBC103ADC8}.Debug|x86.ActiveCfg = Debug|Any CPU
		{B9FC7D0A-156B-406C-BD36-AFDBC103ADC8}.Debug|x86.Build.0 = Debug|Any CPU
		{B9FC7D0A-156B-406C-BD36-AFDBC103ADC8}.Release|Any CPU.ActiveCfg = Release|Any CPU
		{B9FC7D0A-156B-406C-BD36-AFDBC103ADC8}.Release|Any CPU.Build.0 = Release|Any CPU
		{B9FC7D0A-156B-406C-BD36-AFDBC103ADC8}.Release|x64.ActiveCfg = Release|Any CPU
		{B9FC7D0A-156B-406C-BD36-AFDBC103ADC8}.Release|x64.Build.0 = Release|Any CPU
		{B9FC7D0A-156B-406C-BD36-AFDBC103ADC8}.Release|x86.ActiveCfg = Release|Any CPU
		{B9FC7D0A-156B-406C-BD36-AFDBC103ADC8}.Release|x86.Build.0 = Release|Any CPU
		{2F9892DC-5A23-456B-B8CE-AB7810C81F5C}.Debug|Any CPU.ActiveCfg = Debug|Any CPU
		{2F9892DC-5A23-456B-B8CE-AB7810C81F5C}.Debug|Any CPU.Build.0 = Debug|Any CPU
		{2F9892DC-5A23-456B-B8CE-AB7810C81F5C}.Debug|x64.ActiveCfg = Debug|Any CPU
		{2F9892DC-5A23-456B-B8CE-AB7810C81F5C}.Debug|x64.Build.0 = Debug|Any CPU
		{2F9892DC-5A23-456B-B8CE-AB7810C81F5C}.Debug|x86.ActiveCfg = Debug|Any CPU
		{2F9892DC-5A23-456B-B8CE-AB7810C81F5C}.Debug|x86.Build.0 = Debug|Any CPU
		{2F9892DC-5A23-456B-B8CE-AB7810C81F5C}.Release|Any CPU.ActiveCfg = Release|Any CPU
		{2F9892DC-5A23-456B-B8CE-AB7810C81F5C}.Release|Any CPU.Build.0 = Release|Any CPU
		{2F9892DC-5A23-456B-B8CE-AB7810C81F5C}.Release|x64.ActiveCfg = Release|Any CPU
		{2F9892DC-5A23-456B-B8CE-AB7810C81F5C}.Release|x64.Build.0 = Release|Any CPU
		{2F9892DC-5A23-456B-B8CE-AB7810C81F5C}.Release|x86.ActiveCfg = Release|Any CPU
		{2F9892DC-5A23-456B-B8CE-AB7810C81F5C}.Release|x86.Build.0 = Release|Any CPU
		{3FAADD4A-C975-4556-AE7D-856754842EEA}.Debug|Any CPU.ActiveCfg = Debug|Any CPU
		{3FAADD4A-C975-4556-AE7D-856754842EEA}.Debug|Any CPU.Build.0 = Debug|Any CPU
		{3FAADD4A-C975-4556-AE7D-856754842EEA}.Debug|x64.ActiveCfg = Debug|Any CPU
		{3FAADD4A-C975-4556-AE7D-856754842EEA}.Debug|x64.Build.0 = Debug|Any CPU
		{3FAADD4A-C975-4556-AE7D-856754842EEA}.Debug|x86.ActiveCfg = Debug|Any CPU
		{3FAADD4A-C975-4556-AE7D-856754842EEA}.Debug|x86.Build.0 = Debug|Any CPU
		{3FAADD4A-C975-4556-AE7D-856754842EEA}.Release|Any CPU.ActiveCfg = Release|Any CPU
		{3FAADD4A-C975-4556-AE7D-856754842EEA}.Release|Any CPU.Build.0 = Release|Any CPU
		{3FAADD4A-C975-4556-AE7D-856754842EEA}.Release|x64.ActiveCfg = Release|Any CPU
		{3FAADD4A-C975-4556-AE7D-856754842EEA}.Release|x64.Build.0 = Release|Any CPU
		{3FAADD4A-C975-4556-AE7D-856754842EEA}.Release|x86.ActiveCfg = Release|Any CPU
		{3FAADD4A-C975-4556-AE7D-856754842EEA}.Release|x86.Build.0 = Release|Any CPU
		{9728B60E-9691-4D6A-A3E2-C3EF27D26989}.Debug|Any CPU.ActiveCfg = Debug|Any CPU
		{9728B60E-9691-4D6A-A3E2-C3EF27D26989}.Debug|Any CPU.Build.0 = Debug|Any CPU
		{9728B60E-9691-4D6A-A3E2-C3EF27D26989}.Debug|x64.ActiveCfg = Debug|Any CPU
		{9728B60E-9691-4D6A-A3E2-C3EF27D26989}.Debug|x64.Build.0 = Debug|Any CPU
		{9728B60E-9691-4D6A-A3E2-C3EF27D26989}.Debug|x86.ActiveCfg = Debug|Any CPU
		{9728B60E-9691-4D6A-A3E2-C3EF27D26989}.Debug|x86.Build.0 = Debug|Any CPU
		{9728B60E-9691-4D6A-A3E2-C3EF27D26989}.Release|Any CPU.ActiveCfg = Release|Any CPU
		{9728B60E-9691-4D6A-A3E2-C3EF27D26989}.Release|Any CPU.Build.0 = Release|Any CPU
		{9728B60E-9691-4D6A-A3E2-C3EF27D26989}.Release|x64.ActiveCfg = Release|Any CPU
		{9728B60E-9691-4D6A-A3E2-C3EF27D26989}.Release|x64.Build.0 = Release|Any CPU
		{9728B60E-9691-4D6A-A3E2-C3EF27D26989}.Release|x86.ActiveCfg = Release|Any CPU
		{9728B60E-9691-4D6A-A3E2-C3EF27D26989}.Release|x86.Build.0 = Release|Any CPU
		{9B589C07-C8B3-47AB-A382-563E709CCEEC}.Debug|Any CPU.ActiveCfg = Debug|Any CPU
		{9B589C07-C8B3-47AB-A382-563E709CCEEC}.Debug|Any CPU.Build.0 = Debug|Any CPU
		{9B589C07-C8B3-47AB-A382-563E709CCEEC}.Debug|x64.ActiveCfg = Debug|Any CPU
		{9B589C07-C8B3-47AB-A382-563E709CCEEC}.Debug|x64.Build.0 = Debug|Any CPU
		{9B589C07-C8B3-47AB-A382-563E709CCEEC}.Debug|x86.ActiveCfg = Debug|Any CPU
		{9B589C07-C8B3-47AB-A382-563E709CCEEC}.Debug|x86.Build.0 = Debug|Any CPU
		{9B589C07-C8B3-47AB-A382-563E709CCEEC}.Release|Any CPU.ActiveCfg = Release|Any CPU
		{9B589C07-C8B3-47AB-A382-563E709CCEEC}.Release|Any CPU.Build.0 = Release|Any CPU
		{9B589C07-C8B3-47AB-A382-563E709CCEEC}.Release|x64.ActiveCfg = Release|Any CPU
		{9B589C07-C8B3-47AB-A382-563E709CCEEC}.Release|x64.Build.0 = Release|Any CPU
		{9B589C07-C8B3-47AB-A382-563E709CCEEC}.Release|x86.ActiveCfg = Release|Any CPU
		{9B589C07-C8B3-47AB-A382-563E709CCEEC}.Release|x86.Build.0 = Release|Any CPU
		{BDB723E8-B5DF-470F-AA8C-3CBA227E3EF8}.Debug|Any CPU.ActiveCfg = Debug|Any CPU
		{BDB723E8-B5DF-470F-AA8C-3CBA227E3EF8}.Debug|Any CPU.Build.0 = Debug|Any CPU
		{BDB723E8-B5DF-470F-AA8C-3CBA227E3EF8}.Debug|x64.ActiveCfg = Debug|Any CPU
		{BDB723E8-B5DF-470F-AA8C-3CBA227E3EF8}.Debug|x64.Build.0 = Debug|Any CPU
		{BDB723E8-B5DF-470F-AA8C-3CBA227E3EF8}.Debug|x86.ActiveCfg = Debug|Any CPU
		{BDB723E8-B5DF-470F-AA8C-3CBA227E3EF8}.Debug|x86.Build.0 = Debug|Any CPU
		{BDB723E8-B5DF-470F-AA8C-3CBA227E3EF8}.Release|Any CPU.ActiveCfg = Release|Any CPU
		{BDB723E8-B5DF-470F-AA8C-3CBA227E3EF8}.Release|Any CPU.Build.0 = Release|Any CPU
		{BDB723E8-B5DF-470F-AA8C-3CBA227E3EF8}.Release|x64.ActiveCfg = Release|Any CPU
		{BDB723E8-B5DF-470F-AA8C-3CBA227E3EF8}.Release|x64.Build.0 = Release|Any CPU
		{BDB723E8-B5DF-470F-AA8C-3CBA227E3EF8}.Release|x86.ActiveCfg = Release|Any CPU
		{BDB723E8-B5DF-470F-AA8C-3CBA227E3EF8}.Release|x86.Build.0 = Release|Any CPU
	EndGlobalSection
	GlobalSection(SolutionProperties) = preSolution
		HideSolutionNode = FALSE
	EndGlobalSection
	GlobalSection(ExtensibilityGlobals) = postSolution
		SolutionGuid = {29004976-E457-48C3-A5CA-5460E1284A12}
	EndGlobalSection
EndGlobal
